
Microsoft Visual Studio Solution File, Format Version 12.00
# Visual Studio 15
VisualStudioVersion = 15.0.28307.1525
MinimumVisualStudioVersion = 10.0.40219.1
Project("{FAE04EC0-301F-11D3-BF4B-00C04F79EFBC}") = "AntrasWeb", "AntrasWeb\AntrasWeb.csproj", "{6873B0E5-356A-44CF-9498-47E0098C01E5}"
EndProject
Global
	GlobalSection(SolutionConfigurationPlatforms) = preSolution
		Debug|Any CPU = Debug|Any CPU
		Release|Any CPU = Release|Any CPU
	EndGlobalSection
	GlobalSection(ProjectConfigurationPlatforms) = postSolution
		{6873B0E5-356A-44CF-9498-47E0098C01E5}.Debug|Any CPU.ActiveCfg = Debug|Any CPU
		{6873B0E5-356A-44CF-9498-47E0098C01E5}.Debug|Any CPU.Build.0 = Debug|Any CPU
		{6873B0E5-356A-44CF-9498-47E0098C01E5}.Release|Any CPU.ActiveCfg = Release|Any CPU
		{6873B0E5-356A-44CF-9498-47E0098C01E5}.Release|Any CPU.Build.0 = Release|Any CPU
	EndGlobalSection
	GlobalSection(SolutionProperties) = preSolution
		HideSolutionNode = FALSE
	EndGlobalSection
	GlobalSection(ExtensibilityGlobals) = postSolution
		SolutionGuid = {BBA03780-6A7F-425A-A325-37CF0AADFF09}
	EndGlobalSection
EndGlobal
