
Microsoft Visual Studio Solution File, Format Version 12.00
# Visual Studio Version 17
VisualStudioVersion = 17.4.33403.182
MinimumVisualStudioVersion = 10.0.40219.1
Project("{FAE04EC0-301F-11D3-BF4B-00C04F79EFBC}") = "Lab3", "Lab3.csproj", "{26DB4B22-833E-46BD-B5AF-8EF831014824}"
EndProject
Global
	GlobalSection(SolutionConfigurationPlatforms) = preSolution
		Debug|Any CPU = Debug|Any CPU
		Release|Any CPU = Release|Any CPU
	EndGlobalSection
	GlobalSection(ProjectConfigurationPlatforms) = postSolution
		{26DB4B22-833E-46BD-B5AF-8EF831014824}.Debug|Any CPU.ActiveCfg = Debug|Any CPU
		{26DB4B22-833E-46BD-B5AF-8EF831014824}.Debug|Any CPU.Build.0 = Debug|Any CPU
		{26DB4B22-833E-46BD-B5AF-8EF831014824}.Release|Any CPU.ActiveCfg = Release|Any CPU
		{26DB4B22-833E-46BD-B5AF-8EF831014824}.Release|Any CPU.Build.0 = Release|Any CPU
	EndGlobalSection
	GlobalSection(SolutionProperties) = preSolution
		HideSolutionNode = FALSE
	EndGlobalSection
	GlobalSection(ExtensibilityGlobals) = postSolution
		SolutionGuid = {AFFBA6C0-32E4-4927-9A9B-93F4C8E601B2}
	EndGlobalSection
EndGlobal
