
Microsoft Visual Studio Solution File, Format Version 12.00
# Visual Studio Version 17
VisualStudioVersion = 17.4.33403.182
MinimumVisualStudioVersion = 10.0.40219.1
Project("{9A19103F-16F7-4668-BE54-9A1E7A4F7556}") = "lab2", "lab2.csproj", "{16694537-2CF8-481B-99CA-E60D4827BE46}"
EndProject
Project("{FAE04EC0-301F-11D3-BF4B-00C04F79EFBC}") = "lab2_2uzd", "lab2_2uzd\lab2_2uzd.csproj", "{25A7047F-55D7-4BFE-9747-023505AFFBCC}"
EndProject
Global
	GlobalSection(SolutionConfigurationPlatforms) = preSolution
		Debug|Any CPU = Debug|Any CPU
		Release|Any CPU = Release|Any CPU
	EndGlobalSection
	GlobalSection(ProjectConfigurationPlatforms) = postSolution
		{16694537-2CF8-481B-99CA-E60D4827BE46}.Debug|Any CPU.ActiveCfg = Debug|Any CPU
		{16694537-2CF8-481B-99CA-E60D4827BE46}.Debug|Any CPU.Build.0 = Debug|Any CPU
		{16694537-2CF8-481B-99CA-E60D4827BE46}.Release|Any CPU.ActiveCfg = Release|Any CPU
		{16694537-2CF8-481B-99CA-E60D4827BE46}.Release|Any CPU.Build.0 = Release|Any CPU
		{25A7047F-55D7-4BFE-9747-023505AFFBCC}.Debug|Any CPU.ActiveCfg = Debug|Any CPU
		{25A7047F-55D7-4BFE-9747-023505AFFBCC}.Debug|Any CPU.Build.0 = Debug|Any CPU
		{25A7047F-55D7-4BFE-9747-023505AFFBCC}.Release|Any CPU.ActiveCfg = Release|Any CPU
		{25A7047F-55D7-4BFE-9747-023505AFFBCC}.Release|Any CPU.Build.0 = Release|Any CPU
	EndGlobalSection
	GlobalSection(SolutionProperties) = preSolution
		HideSolutionNode = FALSE
	EndGlobalSection
	GlobalSection(ExtensibilityGlobals) = postSolution
		SolutionGuid = {391307C1-9716-4A5D-AF9E-813D2E34B0EE}
	EndGlobalSection
EndGlobal
