
Microsoft Visual Studio Solution File, Format Version 12.00
# Visual Studio 15
VisualStudioVersion = 15.0.28307.1525
MinimumVisualStudioVersion = 10.0.40219.1
Project("{FAE04EC0-301F-11D3-BF4B-00C04F79EFBC}") = "Lab3. Exercises.Register", "Lab3. Exercises.Register\Lab3. Exercises.Register.csproj", "{1D98EDC7-CFB5-410A-BC08-FFD80A505CCF}"
EndProject
Project("{FAE04EC0-301F-11D3-BF4B-00C04F79EFBC}") = "4_SAV", "4_SAV\4_SAV.csproj", "{CD80691D-2E9A-422F-9828-51CD379A0F17}"
EndProject
Global
	GlobalSection(SolutionConfigurationPlatforms) = preSolution
		Debug|Any CPU = Debug|Any CPU
		Release|Any CPU = Release|Any CPU
	EndGlobalSection
	GlobalSection(ProjectConfigurationPlatforms) = postSolution
		{1D98EDC7-CFB5-410A-BC08-FFD80A505CCF}.Debug|Any CPU.ActiveCfg = Debug|Any CPU
		{1D98EDC7-CFB5-410A-BC08-FFD80A505CCF}.Debug|Any CPU.Build.0 = Debug|Any CPU
		{1D98EDC7-CFB5-410A-BC08-FFD80A505CCF}.Release|Any CPU.ActiveCfg = Release|Any CPU
		{1D98EDC7-CFB5-410A-BC08-FFD80A505CCF}.Release|Any CPU.Build.0 = Release|Any CPU
		{CD80691D-2E9A-422F-9828-51CD379A0F17}.Debug|Any CPU.ActiveCfg = Debug|Any CPU
		{CD80691D-2E9A-422F-9828-51CD379A0F17}.Debug|Any CPU.Build.0 = Debug|Any CPU
		{CD80691D-2E9A-422F-9828-51CD379A0F17}.Release|Any CPU.ActiveCfg = Release|Any CPU
		{CD80691D-2E9A-422F-9828-51CD379A0F17}.Release|Any CPU.Build.0 = Release|Any CPU
	EndGlobalSection
	GlobalSection(SolutionProperties) = preSolution
		HideSolutionNode = FALSE
	EndGlobalSection
	GlobalSection(ExtensibilityGlobals) = postSolution
		SolutionGuid = {400334E7-C860-4095-AB73-148AA5F801C8}
	EndGlobalSection
EndGlobal
