
Microsoft Visual Studio Solution File, Format Version 12.00
# Visual Studio 15
VisualStudioVersion = 15.0.28307.1622
MinimumVisualStudioVersion = 10.0.40219.1
Project("{FAE04EC0-301F-11D3-BF4B-00C04F79EFBC}") = "L1antra-1", "L1antra-1.csproj", "{384CA91F-2665-43E3-BD49-70637DCF0032}"
EndProject
Global
	GlobalSection(SolutionConfigurationPlatforms) = preSolution
		Debug|Any CPU = Debug|Any CPU
		Release|Any CPU = Release|Any CPU
	EndGlobalSection
	GlobalSection(ProjectConfigurationPlatforms) = postSolution
		{384CA91F-2665-43E3-BD49-70637DCF0032}.Debug|Any CPU.ActiveCfg = Debug|Any CPU
		{384CA91F-2665-43E3-BD49-70637DCF0032}.Debug|Any CPU.Build.0 = Debug|Any CPU
		{384CA91F-2665-43E3-BD49-70637DCF0032}.Release|Any CPU.ActiveCfg = Release|Any CPU
		{384CA91F-2665-43E3-BD49-70637DCF0032}.Release|Any CPU.Build.0 = Release|Any CPU
	EndGlobalSection
	GlobalSection(SolutionProperties) = preSolution
		HideSolutionNode = FALSE
	EndGlobalSection
	GlobalSection(ExtensibilityGlobals) = postSolution
		SolutionGuid = {AA324F27-F2CF-42F0-A6DF-6A4714BDFCF7}
	EndGlobalSection
EndGlobal
