
Microsoft Visual Studio Solution File, Format Version 12.00
# Visual Studio Version 17
VisualStudioVersion = 17.7.34221.43
MinimumVisualStudioVersion = 10.0.40219.1
Project("{8BC9CEB8-8B4A-11D0-8D11-00A0C91BC942}") = "L3", "L3.vcxproj", "{A533355A-4AD1-4B5C-896E-41489B9C7654}"
EndProject
Global
	GlobalSection(SolutionConfigurationPlatforms) = preSolution
		Debug|x64 = Debug|x64
		Release|x64 = Release|x64
	EndGlobalSection
	GlobalSection(ProjectConfigurationPlatforms) = postSolution
		{A533355A-4AD1-4B5C-896E-41489B9C7654}.Debug|x64.ActiveCfg = Debug|x64
		{A533355A-4AD1-4B5C-896E-41489B9C7654}.Debug|x64.Build.0 = Debug|x64
		{A533355A-4AD1-4B5C-896E-41489B9C7654}.Release|x64.ActiveCfg = Release|x64
		{A533355A-4AD1-4B5C-896E-41489B9C7654}.Release|x64.Build.0 = Release|x64
	EndGlobalSection
	GlobalSection(SolutionProperties) = preSolution
		HideSolutionNode = FALSE
	EndGlobalSection
	GlobalSection(ExtensibilityGlobals) = postSolution
		SolutionGuid = {AF6BCF3B-F16C-4FEB-AAA2-BB9F52F9976C}
	EndGlobalSection
EndGlobal
