
Microsoft Visual Studio Solution File, Format Version 12.00
# Visual Studio 15
VisualStudioVersion = 15.0.28307.1622
MinimumVisualStudioVersion = 10.0.40219.1
Project("{FAE04EC0-301F-11D3-BF4B-00C04F79EFBC}") = "13 uzduotis nr. 2", "13 uzduotis nr. 2.csproj", "{67A613CE-7AF8-4206-8463-F846401DC2E6}"
EndProject
Global
	GlobalSection(SolutionConfigurationPlatforms) = preSolution
		Debug|Any CPU = Debug|Any CPU
		Release|Any CPU = Release|Any CPU
	EndGlobalSection
	GlobalSection(ProjectConfigurationPlatforms) = postSolution
		{67A613CE-7AF8-4206-8463-F846401DC2E6}.Debug|Any CPU.ActiveCfg = Debug|Any CPU
		{67A613CE-7AF8-4206-8463-F846401DC2E6}.Debug|Any CPU.Build.0 = Debug|Any CPU
		{67A613CE-7AF8-4206-8463-F846401DC2E6}.Release|Any CPU.ActiveCfg = Release|Any CPU
		{67A613CE-7AF8-4206-8463-F846401DC2E6}.Release|Any CPU.Build.0 = Release|Any CPU
	EndGlobalSection
	GlobalSection(SolutionProperties) = preSolution
		HideSolutionNode = FALSE
	EndGlobalSection
	GlobalSection(ExtensibilityGlobals) = postSolution
		SolutionGuid = {BBDAE4EA-B9DB-4287-892F-EF9D6A3429B5}
	EndGlobalSection
EndGlobal
